
Microsoft Visual Studio Solution File, Format Version 12.00
Project("{FAE04EC0-301F-11D3-BF4B-00C04F79EFBC}") = "CitiesManager.WebAPI", "CitiesManager.WebAPI\CitiesManager.WebAPI.csproj", "{6C694A12-8BDF-4E91-A1F7-E0E3CCD99731}"
EndProject
Global
	GlobalSection(SolutionConfigurationPlatforms) = preSolution
		Debug|Any CPU = Debug|Any CPU
		Release|Any CPU = Release|Any CPU
	EndGlobalSection
	GlobalSection(ProjectConfigurationPlatforms) = postSolution
		{6C694A12-8BDF-4E91-A1F7-E0E3CCD99731}.Debug|Any CPU.ActiveCfg = Debug|Any CPU
		{6C694A12-8BDF-4E91-A1F7-E0E3CCD99731}.Debug|Any CPU.Build.0 = Debug|Any CPU
		{6C694A12-8BDF-4E91-A1F7-E0E3CCD99731}.Release|Any CPU.ActiveCfg = Release|Any CPU
		{6C694A12-8BDF-4E91-A1F7-E0E3CCD99731}.Release|Any CPU.Build.0 = Release|Any CPU
	EndGlobalSection
EndGlobal
